
Microsoft Visual Studio Solution File, Format Version 12.00
# Visual Studio Version 17
VisualStudioVersion = 17.5.33530.505
MinimumVisualStudioVersion = 10.0.40219.1
Project("{2150E333-8FDC-42A3-9474-1A3956D46DE8}") = "src", "src", "{D70B9D8F-67AB-4CAE-837E-4AED7E9E8C39}"
EndProject
Project("{2150E333-8FDC-42A3-9474-1A3956D46DE8}") = "corePackages", "corePackages", "{2952218F-47AC-4241-A8F1-50E4BB003E08}"
EndProject
Project("{2150E333-8FDC-42A3-9474-1A3956D46DE8}") = "projects", "projects", "{0C97C75D-0536-46A1-ADA3-DB93145BD2C1}"
EndProject
Project("{2150E333-8FDC-42A3-9474-1A3956D46DE8}") = "Child", "Child", "{09F01B32-9FA2-489E-B5A9-D9A62FF2AC66}"
EndProject
Project("{2150E333-8FDC-42A3-9474-1A3956D46DE8}") = "ChildMaterializedView", "ChildMaterializedView", "{284FA0BC-C454-40CE-B006-F16D1C7E4900}"
EndProject
Project("{2150E333-8FDC-42A3-9474-1A3956D46DE8}") = "ChildParents", "ChildParents", "{9D526F38-4ED0-4B0A-B5A2-38F228B3C888}"
EndProject
Project("{9A19103F-16F7-4668-BE54-9A1E7A4F7556}") = "ChildParents.Application", "..\..\..\..\..\Code\Backend\keremayan1\3DKRM\src\projects\Children\ChildParents\ChildParents.Application\ChildParents.Application.csproj", "{10D40472-8F49-4064-9660-2A58D3D78494}"
EndProject
Project("{9A19103F-16F7-4668-BE54-9A1E7A4F7556}") = "ChildParents.Domain", "..\..\..\..\..\Code\Backend\keremayan1\3DKRM\src\projects\Children\ChildParents\ChildParents.Domain\ChildParents.Domain.csproj", "{BAEACFDB-99B4-4899-9EC3-7855C67E200D}"
EndProject
Project("{9A19103F-16F7-4668-BE54-9A1E7A4F7556}") = "ChildParents.Persistance", "..\..\..\..\..\Code\Backend\keremayan1\3DKRM\src\projects\Children\ChildParents\ChildParents.Persistance\ChildParents.Persistance.csproj", "{D63053B7-412A-4359-A9B5-74D79301D87A}"
EndProject
Project("{9A19103F-16F7-4668-BE54-9A1E7A4F7556}") = "ChildParents.WebAPI", "..\..\..\..\..\Code\Backend\keremayan1\3DKRM\src\projects\Children\ChildParents\ChildParents.WebAPI\ChildParents.WebAPI.csproj", "{2C2AE6CE-12A6-478A-B8C7-75059B56E9A6}"
EndProject
Project("{2150E333-8FDC-42A3-9474-1A3956D46DE8}") = "Gender", "Gender", "{23987D1A-CB25-427D-8EBF-75F528C39D30}"
EndProject
Project("{9A19103F-16F7-4668-BE54-9A1E7A4F7556}") = "Gender.Application", "..\..\..\..\..\Code\Backend\keremayan1\3DKRM\src\projects\Children\Gender\Gender.Application\Gender.Application.csproj", "{DA5848AF-2E0D-4F91-9C2A-620A86BF1011}"
EndProject
Project("{9A19103F-16F7-4668-BE54-9A1E7A4F7556}") = "Gender.Domain", "..\..\..\..\..\Code\Backend\keremayan1\3DKRM\src\projects\Children\Gender\Gender.Domain\Gender.Domain.csproj", "{7901D638-2051-45F1-8EB3-AF02F0590875}"
EndProject
Project("{9A19103F-16F7-4668-BE54-9A1E7A4F7556}") = "Gender.Persistance", "..\..\..\..\..\Code\Backend\keremayan1\3DKRM\src\projects\Children\Gender\Gender.Persistance\Gender.Persistance.csproj", "{4B1B534C-2310-4ADE-B7E5-E257F9072A6F}"
EndProject
Project("{9A19103F-16F7-4668-BE54-9A1E7A4F7556}") = "Gender.WebAPI", "..\..\..\..\..\Code\Backend\keremayan1\3DKRM\src\projects\Children\Gender\Gender.WebAPI\Gender.WebAPI.csproj", "{7672E6D5-DBD1-4D0F-9603-D25CD9AC5F13}"
EndProject
Project("{2150E333-8FDC-42A3-9474-1A3956D46DE8}") = "QuestionAnswer", "QuestionAnswer", "{CFBD41A5-3133-4EB0-9387-2687C3562B42}"
EndProject
Project("{9A19103F-16F7-4668-BE54-9A1E7A4F7556}") = "QuestionAnswer.Business", "..\..\..\..\..\Code\Backend\keremayan1\3DKRM\src\projects\Children\QuestionAnswer\QuestionAnswer.Business\QuestionAnswer.Business.csproj", "{50F692ED-804C-4B85-9BAB-361F53F97F0D}"
EndProject
Project("{9A19103F-16F7-4668-BE54-9A1E7A4F7556}") = "QuestionAnswer.DataAccess", "..\..\..\..\..\Code\Backend\keremayan1\3DKRM\src\projects\Children\QuestionAnswer\QuestionAnswer.DataAccess\QuestionAnswer.DataAccess.csproj", "{1AF5FE62-2D80-4290-8038-4427A962B5F8}"
EndProject
Project("{9A19103F-16F7-4668-BE54-9A1E7A4F7556}") = "QuestionAnswer.Entities", "..\..\..\..\..\Code\Backend\keremayan1\3DKRM\src\projects\Children\QuestionAnswer\QuestionAnswer.Entities\QuestionAnswer.Entities.csproj", "{823ADFCD-25EF-403B-AB31-C4BC7D1E09FA}"
EndProject
Project("{9A19103F-16F7-4668-BE54-9A1E7A4F7556}") = "QuestionAnswer.WebAPI", "..\..\..\..\..\Code\Backend\keremayan1\3DKRM\src\projects\Children\QuestionAnswer\QuestionAnswer.WebAPI\QuestionAnswer.WebAPI.csproj", "{811B6749-F11E-44BC-AE59-938C61BDD36A}"
EndProject
Project("{2150E333-8FDC-42A3-9474-1A3956D46DE8}") = "QuestionTitle", "QuestionTitle", "{1BDA3685-0E53-402E-AEF5-A38CD51FAF9E}"
EndProject
Project("{9A19103F-16F7-4668-BE54-9A1E7A4F7556}") = "QuestionTitle.Application", "..\..\..\..\..\Code\Backend\keremayan1\3DKRM\src\projects\Children\QuestionTitle\QuestionTitle.Application\QuestionTitle.Application.csproj", "{7E78EAA2-7158-48E6-9A55-D833C3422A64}"
EndProject
Project("{9A19103F-16F7-4668-BE54-9A1E7A4F7556}") = "QuestionTitle.Domain", "..\..\..\..\..\Code\Backend\keremayan1\3DKRM\src\projects\Children\QuestionTitle\QuestionTitle.Domain\QuestionTitle.Domain.csproj", "{F1DAC393-5514-40D7-80C6-9270146018E9}"
EndProject
Project("{9A19103F-16F7-4668-BE54-9A1E7A4F7556}") = "QuestionTitle.Persistance", "..\..\..\..\..\Code\Backend\keremayan1\3DKRM\src\projects\Children\QuestionTitle\QuestionTitle.Persistance\QuestionTitle.Persistance.csproj", "{ACA21DCE-D9F1-4B54-955C-C5436F4ACD6C}"
EndProject
Project("{9A19103F-16F7-4668-BE54-9A1E7A4F7556}") = "QuestionTitle.WebAPI", "..\..\..\..\..\Code\Backend\keremayan1\3DKRM\src\projects\Children\QuestionTitle\QuestionTitle.WebAPI\QuestionTitle.WebAPI.csproj", "{7ADC066E-4036-40B3-AB60-70987A167D9E}"
EndProject
Project("{2150E333-8FDC-42A3-9474-1A3956D46DE8}") = "Children", "Children", "{98D9C6EC-CF54-4DA6-9340-959B2265F634}"
EndProject
Project("{2150E333-8FDC-42A3-9474-1A3956D46DE8}") = "Adults", "Adults", "{C5B89F9E-DE03-4B98-B829-481728CD7F16}"
EndProject
Project("{2150E333-8FDC-42A3-9474-1A3956D46DE8}") = "AdultView", "AdultView", "{7A7B60AD-B060-452A-B628-6F68B4681EFB}"
EndProject
Project("{9A19103F-16F7-4668-BE54-9A1E7A4F7556}") = "Application", "src\projects\Adults\AdultView\Application\Application.csproj", "{25FB8B30-F22E-4D96-A913-DA0332257759}"
EndProject
Project("{9A19103F-16F7-4668-BE54-9A1E7A4F7556}") = "Persistance", "src\projects\Adults\AdultView\Persistance\Persistance.csproj", "{91ED903B-EE3A-4EA6-BF2F-A28EF1C42FF6}"
EndProject
Project("{9A19103F-16F7-4668-BE54-9A1E7A4F7556}") = "Domain", "src\projects\Adults\AdultView\Domain\Domain.csproj", "{8CCDBE7E-270C-414F-94E6-B7324640EFBE}"
EndProject
Project("{9A19103F-16F7-4668-BE54-9A1E7A4F7556}") = "WebAPI", "src\projects\Adults\AdultView\WebAPI\WebAPI\WebAPI.csproj", "{B6DD444E-ED6A-49BD-8C31-69057A182D41}"
EndProject
Project("{9A19103F-16F7-4668-BE54-9A1E7A4F7556}") = "Core.Application", "src\corePackages\Core.Application\Core.Application.csproj", "{C97DAA80-6F5C-4A54-88ED-3957AB837E75}"
EndProject
Project("{9A19103F-16F7-4668-BE54-9A1E7A4F7556}") = "Core.CrossCuttingConcerns", "src\corePackages\Core.CrossCuttingConcerns\Core.CrossCuttingConcerns.csproj", "{5B1D0AC8-7487-4CEF-B1EB-A77AC51EBF66}"
EndProject
Project("{9A19103F-16F7-4668-BE54-9A1E7A4F7556}") = "Core.Persistance", "src\corePackages\Core.Persistance\Core.Persistance.csproj", "{5E7DB15B-0018-40CB-B869-BBCD0CC47B64}"
EndProject
Project("{9A19103F-16F7-4668-BE54-9A1E7A4F7556}") = "Core.Security", "src\corePackages\Core.Security\Core.Security.csproj", "{3D0C4969-481F-45A8-BD63-4EAEBB90F790}"
EndProject
Project("{9A19103F-16F7-4668-BE54-9A1E7A4F7556}") = "Core.Shared", "src\corePackages\Core.Shared\Core.Shared.csproj", "{D7928D38-3B2E-40E4-AC3D-31A40054C3E7}"
EndProject
Project("{9A19103F-16F7-4668-BE54-9A1E7A4F7556}") = "Core.Tools", "src\corePackages\Core.Tools\Core.Tools.csproj", "{B322AF10-6F9B-460E-A33A-A23776B3ABCA}"
EndProject
Project("{9A19103F-16F7-4668-BE54-9A1E7A4F7556}") = "Child.Application", "src\projects\Children\Child\Child.Application\Child.Application.csproj", "{F788AD7B-52E0-4929-908C-6B304D9800E7}"
EndProject
Project("{9A19103F-16F7-4668-BE54-9A1E7A4F7556}") = "Child.Domain", "src\projects\Children\Child\Child.Domain\Child.Domain.csproj", "{BF1505C2-DFCE-4D18-8276-22FD7A3C79BB}"
EndProject
Project("{9A19103F-16F7-4668-BE54-9A1E7A4F7556}") = "Child.Infrasructure", "src\projects\Children\Child\Child.Infrasructure\Child.Infrasructure.csproj", "{7EC36F2C-15AF-42E1-9A65-5BB212E91A25}"
EndProject
Project("{9A19103F-16F7-4668-BE54-9A1E7A4F7556}") = "Child.Persistance", "src\projects\Children\Child\Child.Persistance\Child.Persistance.csproj", "{85F4C25E-EF1D-4B9E-9105-A73D2112D872}"
EndProject
Project("{9A19103F-16F7-4668-BE54-9A1E7A4F7556}") = "Child.WebAPI", "src\projects\Children\Child\Child.WebAPI\Child.WebAPI.csproj", "{390CA565-74D3-482B-AF89-A7DF05FBACB1}"
EndProject
Project("{9A19103F-16F7-4668-BE54-9A1E7A4F7556}") = "Application", "src\projects\Children\ChildMaterializedView\Application\Application.csproj", "{CE43D598-5893-4E1F-B34A-C07984991CB1}"
EndProject
Project("{9A19103F-16F7-4668-BE54-9A1E7A4F7556}") = "Domain", "src\projects\Children\ChildMaterializedView\Domain\Domain.csproj", "{E8DE1C32-62BC-4EFD-9A01-6C3CB2E03B1B}"
EndProject
Project("{9A19103F-16F7-4668-BE54-9A1E7A4F7556}") = "Persistance", "src\projects\Children\ChildMaterializedView\Persistance\Persistance.csproj", "{BD1A9482-589A-4576-AB3C-B49EBB3AC28B}"
EndProject
Project("{9A19103F-16F7-4668-BE54-9A1E7A4F7556}") = "WebAPI", "src\projects\Children\ChildMaterializedView\WebAPI\WebAPI.csproj", "{F744CD85-C748-4790-BCDA-F641FA71E5B2}"
EndProject
Global
	GlobalSection(SolutionConfigurationPlatforms) = preSolution
		Debug|Any CPU = Debug|Any CPU
		Release|Any CPU = Release|Any CPU
	EndGlobalSection
	GlobalSection(ProjectConfigurationPlatforms) = postSolution
		{10D40472-8F49-4064-9660-2A58D3D78494}.Debug|Any CPU.ActiveCfg = Debug|Any CPU
		{10D40472-8F49-4064-9660-2A58D3D78494}.Debug|Any CPU.Build.0 = Debug|Any CPU
		{10D40472-8F49-4064-9660-2A58D3D78494}.Release|Any CPU.ActiveCfg = Release|Any CPU
		{10D40472-8F49-4064-9660-2A58D3D78494}.Release|Any CPU.Build.0 = Release|Any CPU
		{BAEACFDB-99B4-4899-9EC3-7855C67E200D}.Debug|Any CPU.ActiveCfg = Debug|Any CPU
		{BAEACFDB-99B4-4899-9EC3-7855C67E200D}.Debug|Any CPU.Build.0 = Debug|Any CPU
		{BAEACFDB-99B4-4899-9EC3-7855C67E200D}.Release|Any CPU.ActiveCfg = Release|Any CPU
		{BAEACFDB-99B4-4899-9EC3-7855C67E200D}.Release|Any CPU.Build.0 = Release|Any CPU
		{D63053B7-412A-4359-A9B5-74D79301D87A}.Debug|Any CPU.ActiveCfg = Debug|Any CPU
		{D63053B7-412A-4359-A9B5-74D79301D87A}.Debug|Any CPU.Build.0 = Debug|Any CPU
		{D63053B7-412A-4359-A9B5-74D79301D87A}.Release|Any CPU.ActiveCfg = Release|Any CPU
		{D63053B7-412A-4359-A9B5-74D79301D87A}.Release|Any CPU.Build.0 = Release|Any CPU
		{2C2AE6CE-12A6-478A-B8C7-75059B56E9A6}.Debug|Any CPU.ActiveCfg = Debug|Any CPU
		{2C2AE6CE-12A6-478A-B8C7-75059B56E9A6}.Debug|Any CPU.Build.0 = Debug|Any CPU
		{2C2AE6CE-12A6-478A-B8C7-75059B56E9A6}.Release|Any CPU.ActiveCfg = Release|Any CPU
		{2C2AE6CE-12A6-478A-B8C7-75059B56E9A6}.Release|Any CPU.Build.0 = Release|Any CPU
		{DA5848AF-2E0D-4F91-9C2A-620A86BF1011}.Debug|Any CPU.ActiveCfg = Debug|Any CPU
		{DA5848AF-2E0D-4F91-9C2A-620A86BF1011}.Debug|Any CPU.Build.0 = Debug|Any CPU
		{DA5848AF-2E0D-4F91-9C2A-620A86BF1011}.Release|Any CPU.ActiveCfg = Release|Any CPU
		{DA5848AF-2E0D-4F91-9C2A-620A86BF1011}.Release|Any CPU.Build.0 = Release|Any CPU
		{7901D638-2051-45F1-8EB3-AF02F0590875}.Debug|Any CPU.ActiveCfg = Debug|Any CPU
		{7901D638-2051-45F1-8EB3-AF02F0590875}.Debug|Any CPU.Build.0 = Debug|Any CPU
		{7901D638-2051-45F1-8EB3-AF02F0590875}.Release|Any CPU.ActiveCfg = Release|Any CPU
		{7901D638-2051-45F1-8EB3-AF02F0590875}.Release|Any CPU.Build.0 = Release|Any CPU
		{4B1B534C-2310-4ADE-B7E5-E257F9072A6F}.Debug|Any CPU.ActiveCfg = Debug|Any CPU
		{4B1B534C-2310-4ADE-B7E5-E257F9072A6F}.Debug|Any CPU.Build.0 = Debug|Any CPU
		{4B1B534C-2310-4ADE-B7E5-E257F9072A6F}.Release|Any CPU.ActiveCfg = Release|Any CPU
		{4B1B534C-2310-4ADE-B7E5-E257F9072A6F}.Release|Any CPU.Build.0 = Release|Any CPU
		{7672E6D5-DBD1-4D0F-9603-D25CD9AC5F13}.Debug|Any CPU.ActiveCfg = Debug|Any CPU
		{7672E6D5-DBD1-4D0F-9603-D25CD9AC5F13}.Debug|Any CPU.Build.0 = Debug|Any CPU
		{7672E6D5-DBD1-4D0F-9603-D25CD9AC5F13}.Release|Any CPU.ActiveCfg = Release|Any CPU
		{7672E6D5-DBD1-4D0F-9603-D25CD9AC5F13}.Release|Any CPU.Build.0 = Release|Any CPU
		{50F692ED-804C-4B85-9BAB-361F53F97F0D}.Debug|Any CPU.ActiveCfg = Debug|Any CPU
		{50F692ED-804C-4B85-9BAB-361F53F97F0D}.Debug|Any CPU.Build.0 = Debug|Any CPU
		{50F692ED-804C-4B85-9BAB-361F53F97F0D}.Release|Any CPU.ActiveCfg = Release|Any CPU
		{50F692ED-804C-4B85-9BAB-361F53F97F0D}.Release|Any CPU.Build.0 = Release|Any CPU
		{1AF5FE62-2D80-4290-8038-4427A962B5F8}.Debug|Any CPU.ActiveCfg = Debug|Any CPU
		{1AF5FE62-2D80-4290-8038-4427A962B5F8}.Debug|Any CPU.Build.0 = Debug|Any CPU
		{1AF5FE62-2D80-4290-8038-4427A962B5F8}.Release|Any CPU.ActiveCfg = Release|Any CPU
		{1AF5FE62-2D80-4290-8038-4427A962B5F8}.Release|Any CPU.Build.0 = Release|Any CPU
		{823ADFCD-25EF-403B-AB31-C4BC7D1E09FA}.Debug|Any CPU.ActiveCfg = Debug|Any CPU
		{823ADFCD-25EF-403B-AB31-C4BC7D1E09FA}.Debug|Any CPU.Build.0 = Debug|Any CPU
		{823ADFCD-25EF-403B-AB31-C4BC7D1E09FA}.Release|Any CPU.ActiveCfg = Release|Any CPU
		{823ADFCD-25EF-403B-AB31-C4BC7D1E09FA}.Release|Any CPU.Build.0 = Release|Any CPU
		{811B6749-F11E-44BC-AE59-938C61BDD36A}.Debug|Any CPU.ActiveCfg = Debug|Any CPU
		{811B6749-F11E-44BC-AE59-938C61BDD36A}.Debug|Any CPU.Build.0 = Debug|Any CPU
		{811B6749-F11E-44BC-AE59-938C61BDD36A}.Release|Any CPU.ActiveCfg = Release|Any CPU
		{811B6749-F11E-44BC-AE59-938C61BDD36A}.Release|Any CPU.Build.0 = Release|Any CPU
		{7E78EAA2-7158-48E6-9A55-D833C3422A64}.Debug|Any CPU.ActiveCfg = Debug|Any CPU
		{7E78EAA2-7158-48E6-9A55-D833C3422A64}.Debug|Any CPU.Build.0 = Debug|Any CPU
		{7E78EAA2-7158-48E6-9A55-D833C3422A64}.Release|Any CPU.ActiveCfg = Release|Any CPU
		{7E78EAA2-7158-48E6-9A55-D833C3422A64}.Release|Any CPU.Build.0 = Release|Any CPU
		{F1DAC393-5514-40D7-80C6-9270146018E9}.Debug|Any CPU.ActiveCfg = Debug|Any CPU
		{F1DAC393-5514-40D7-80C6-9270146018E9}.Debug|Any CPU.Build.0 = Debug|Any CPU
		{F1DAC393-5514-40D7-80C6-9270146018E9}.Release|Any CPU.ActiveCfg = Release|Any CPU
		{F1DAC393-5514-40D7-80C6-9270146018E9}.Release|Any CPU.Build.0 = Release|Any CPU
		{ACA21DCE-D9F1-4B54-955C-C5436F4ACD6C}.Debug|Any CPU.ActiveCfg = Debug|Any CPU
		{ACA21DCE-D9F1-4B54-955C-C5436F4ACD6C}.Debug|Any CPU.Build.0 = Debug|Any CPU
		{ACA21DCE-D9F1-4B54-955C-C5436F4ACD6C}.Release|Any CPU.ActiveCfg = Release|Any CPU
		{ACA21DCE-D9F1-4B54-955C-C5436F4ACD6C}.Release|Any CPU.Build.0 = Release|Any CPU
		{7ADC066E-4036-40B3-AB60-70987A167D9E}.Debug|Any CPU.ActiveCfg = Debug|Any CPU
		{7ADC066E-4036-40B3-AB60-70987A167D9E}.Debug|Any CPU.Build.0 = Debug|Any CPU
		{7ADC066E-4036-40B3-AB60-70987A167D9E}.Release|Any CPU.ActiveCfg = Release|Any CPU
		{7ADC066E-4036-40B3-AB60-70987A167D9E}.Release|Any CPU.Build.0 = Release|Any CPU
		{25FB8B30-F22E-4D96-A913-DA0332257759}.Debug|Any CPU.ActiveCfg = Debug|Any CPU
		{25FB8B30-F22E-4D96-A913-DA0332257759}.Debug|Any CPU.Build.0 = Debug|Any CPU
		{25FB8B30-F22E-4D96-A913-DA0332257759}.Release|Any CPU.ActiveCfg = Release|Any CPU
		{25FB8B30-F22E-4D96-A913-DA0332257759}.Release|Any CPU.Build.0 = Release|Any CPU
		{91ED903B-EE3A-4EA6-BF2F-A28EF1C42FF6}.Debug|Any CPU.ActiveCfg = Debug|Any CPU
		{91ED903B-EE3A-4EA6-BF2F-A28EF1C42FF6}.Debug|Any CPU.Build.0 = Debug|Any CPU
		{91ED903B-EE3A-4EA6-BF2F-A28EF1C42FF6}.Release|Any CPU.ActiveCfg = Release|Any CPU
		{91ED903B-EE3A-4EA6-BF2F-A28EF1C42FF6}.Release|Any CPU.Build.0 = Release|Any CPU
		{8CCDBE7E-270C-414F-94E6-B7324640EFBE}.Debug|Any CPU.ActiveCfg = Debug|Any CPU
		{8CCDBE7E-270C-414F-94E6-B7324640EFBE}.Debug|Any CPU.Build.0 = Debug|Any CPU
		{8CCDBE7E-270C-414F-94E6-B7324640EFBE}.Release|Any CPU.ActiveCfg = Release|Any CPU
		{8CCDBE7E-270C-414F-94E6-B7324640EFBE}.Release|Any CPU.Build.0 = Release|Any CPU
		{B6DD444E-ED6A-49BD-8C31-69057A182D41}.Debug|Any CPU.ActiveCfg = Debug|Any CPU
		{B6DD444E-ED6A-49BD-8C31-69057A182D41}.Debug|Any CPU.Build.0 = Debug|Any CPU
		{B6DD444E-ED6A-49BD-8C31-69057A182D41}.Release|Any CPU.ActiveCfg = Release|Any CPU
		{B6DD444E-ED6A-49BD-8C31-69057A182D41}.Release|Any CPU.Build.0 = Release|Any CPU
		{C97DAA80-6F5C-4A54-88ED-3957AB837E75}.Debug|Any CPU.ActiveCfg = Debug|Any CPU
		{C97DAA80-6F5C-4A54-88ED-3957AB837E75}.Debug|Any CPU.Build.0 = Debug|Any CPU
		{C97DAA80-6F5C-4A54-88ED-3957AB837E75}.Release|Any CPU.ActiveCfg = Release|Any CPU
		{C97DAA80-6F5C-4A54-88ED-3957AB837E75}.Release|Any CPU.Build.0 = Release|Any CPU
		{5B1D0AC8-7487-4CEF-B1EB-A77AC51EBF66}.Debug|Any CPU.ActiveCfg = Debug|Any CPU
		{5B1D0AC8-7487-4CEF-B1EB-A77AC51EBF66}.Debug|Any CPU.Build.0 = Debug|Any CPU
		{5B1D0AC8-7487-4CEF-B1EB-A77AC51EBF66}.Release|Any CPU.ActiveCfg = Release|Any CPU
		{5B1D0AC8-7487-4CEF-B1EB-A77AC51EBF66}.Release|Any CPU.Build.0 = Release|Any CPU
		{5E7DB15B-0018-40CB-B869-BBCD0CC47B64}.Debug|Any CPU.ActiveCfg = Debug|Any CPU
		{5E7DB15B-0018-40CB-B869-BBCD0CC47B64}.Debug|Any CPU.Build.0 = Debug|Any CPU
		{5E7DB15B-0018-40CB-B869-BBCD0CC47B64}.Release|Any CPU.ActiveCfg = Release|Any CPU
		{5E7DB15B-0018-40CB-B869-BBCD0CC47B64}.Release|Any CPU.Build.0 = Release|Any CPU
		{3D0C4969-481F-45A8-BD63-4EAEBB90F790}.Debug|Any CPU.ActiveCfg = Debug|Any CPU
		{3D0C4969-481F-45A8-BD63-4EAEBB90F790}.Debug|Any CPU.Build.0 = Debug|Any CPU
		{3D0C4969-481F-45A8-BD63-4EAEBB90F790}.Release|Any CPU.ActiveCfg = Release|Any CPU
		{3D0C4969-481F-45A8-BD63-4EAEBB90F790}.Release|Any CPU.Build.0 = Release|Any CPU
		{D7928D38-3B2E-40E4-AC3D-31A40054C3E7}.Debug|Any CPU.ActiveCfg = Debug|Any CPU
		{D7928D38-3B2E-40E4-AC3D-31A40054C3E7}.Debug|Any CPU.Build.0 = Debug|Any CPU
		{D7928D38-3B2E-40E4-AC3D-31A40054C3E7}.Release|Any CPU.ActiveCfg = Release|Any CPU
		{D7928D38-3B2E-40E4-AC3D-31A40054C3E7}.Release|Any CPU.Build.0 = Release|Any CPU
		{B322AF10-6F9B-460E-A33A-A23776B3ABCA}.Debug|Any CPU.ActiveCfg = Debug|Any CPU
		{B322AF10-6F9B-460E-A33A-A23776B3ABCA}.Debug|Any CPU.Build.0 = Debug|Any CPU
		{B322AF10-6F9B-460E-A33A-A23776B3ABCA}.Release|Any CPU.ActiveCfg = Release|Any CPU
		{B322AF10-6F9B-460E-A33A-A23776B3ABCA}.Release|Any CPU.Build.0 = Release|Any CPU
		{F788AD7B-52E0-4929-908C-6B304D9800E7}.Debug|Any CPU.ActiveCfg = Debug|Any CPU
		{F788AD7B-52E0-4929-908C-6B304D9800E7}.Debug|Any CPU.Build.0 = Debug|Any CPU
		{F788AD7B-52E0-4929-908C-6B304D9800E7}.Release|Any CPU.ActiveCfg = Release|Any CPU
		{F788AD7B-52E0-4929-908C-6B304D9800E7}.Release|Any CPU.Build.0 = Release|Any CPU
		{BF1505C2-DFCE-4D18-8276-22FD7A3C79BB}.Debug|Any CPU.ActiveCfg = Debug|Any CPU
		{BF1505C2-DFCE-4D18-8276-22FD7A3C79BB}.Debug|Any CPU.Build.0 = Debug|Any CPU
		{BF1505C2-DFCE-4D18-8276-22FD7A3C79BB}.Release|Any CPU.ActiveCfg = Release|Any CPU
		{BF1505C2-DFCE-4D18-8276-22FD7A3C79BB}.Release|Any CPU.Build.0 = Release|Any CPU
		{7EC36F2C-15AF-42E1-9A65-5BB212E91A25}.Debug|Any CPU.ActiveCfg = Debug|Any CPU
		{7EC36F2C-15AF-42E1-9A65-5BB212E91A25}.Debug|Any CPU.Build.0 = Debug|Any CPU
		{7EC36F2C-15AF-42E1-9A65-5BB212E91A25}.Release|Any CPU.ActiveCfg = Release|Any CPU
		{7EC36F2C-15AF-42E1-9A65-5BB212E91A25}.Release|Any CPU.Build.0 = Release|Any CPU
		{85F4C25E-EF1D-4B9E-9105-A73D2112D872}.Debug|Any CPU.ActiveCfg = Debug|Any CPU
		{85F4C25E-EF1D-4B9E-9105-A73D2112D872}.Debug|Any CPU.Build.0 = Debug|Any CPU
		{85F4C25E-EF1D-4B9E-9105-A73D2112D872}.Release|Any CPU.ActiveCfg = Release|Any CPU
		{85F4C25E-EF1D-4B9E-9105-A73D2112D872}.Release|Any CPU.Build.0 = Release|Any CPU
		{390CA565-74D3-482B-AF89-A7DF05FBACB1}.Debug|Any CPU.ActiveCfg = Debug|Any CPU
		{390CA565-74D3-482B-AF89-A7DF05FBACB1}.Debug|Any CPU.Build.0 = Debug|Any CPU
		{390CA565-74D3-482B-AF89-A7DF05FBACB1}.Release|Any CPU.ActiveCfg = Release|Any CPU
		{390CA565-74D3-482B-AF89-A7DF05FBACB1}.Release|Any CPU.Build.0 = Release|Any CPU
		{CE43D598-5893-4E1F-B34A-C07984991CB1}.Debug|Any CPU.ActiveCfg = Debug|Any CPU
		{CE43D598-5893-4E1F-B34A-C07984991CB1}.Debug|Any CPU.Build.0 = Debug|Any CPU
		{CE43D598-5893-4E1F-B34A-C07984991CB1}.Release|Any CPU.ActiveCfg = Release|Any CPU
		{CE43D598-5893-4E1F-B34A-C07984991CB1}.Release|Any CPU.Build.0 = Release|Any CPU
		{E8DE1C32-62BC-4EFD-9A01-6C3CB2E03B1B}.Debug|Any CPU.ActiveCfg = Debug|Any CPU
		{E8DE1C32-62BC-4EFD-9A01-6C3CB2E03B1B}.Debug|Any CPU.Build.0 = Debug|Any CPU
		{E8DE1C32-62BC-4EFD-9A01-6C3CB2E03B1B}.Release|Any CPU.ActiveCfg = Release|Any CPU
		{E8DE1C32-62BC-4EFD-9A01-6C3CB2E03B1B}.Release|Any CPU.Build.0 = Release|Any CPU
		{BD1A9482-589A-4576-AB3C-B49EBB3AC28B}.Debug|Any CPU.ActiveCfg = Debug|Any CPU
		{BD1A9482-589A-4576-AB3C-B49EBB3AC28B}.Debug|Any CPU.Build.0 = Debug|Any CPU
		{BD1A9482-589A-4576-AB3C-B49EBB3AC28B}.Release|Any CPU.ActiveCfg = Release|Any CPU
		{BD1A9482-589A-4576-AB3C-B49EBB3AC28B}.Release|Any CPU.Build.0 = Release|Any CPU
		{F744CD85-C748-4790-BCDA-F641FA71E5B2}.Debug|Any CPU.ActiveCfg = Debug|Any CPU
		{F744CD85-C748-4790-BCDA-F641FA71E5B2}.Debug|Any CPU.Build.0 = Debug|Any CPU
		{F744CD85-C748-4790-BCDA-F641FA71E5B2}.Release|Any CPU.ActiveCfg = Release|Any CPU
		{F744CD85-C748-4790-BCDA-F641FA71E5B2}.Release|Any CPU.Build.0 = Release|Any CPU
	EndGlobalSection
	GlobalSection(SolutionProperties) = preSolution
		HideSolutionNode = FALSE
	EndGlobalSection
	GlobalSection(NestedProjects) = preSolution
		{2952218F-47AC-4241-A8F1-50E4BB003E08} = {D70B9D8F-67AB-4CAE-837E-4AED7E9E8C39}
		{0C97C75D-0536-46A1-ADA3-DB93145BD2C1} = {D70B9D8F-67AB-4CAE-837E-4AED7E9E8C39}
		{09F01B32-9FA2-489E-B5A9-D9A62FF2AC66} = {98D9C6EC-CF54-4DA6-9340-959B2265F634}
		{284FA0BC-C454-40CE-B006-F16D1C7E4900} = {98D9C6EC-CF54-4DA6-9340-959B2265F634}
		{9D526F38-4ED0-4B0A-B5A2-38F228B3C888} = {98D9C6EC-CF54-4DA6-9340-959B2265F634}
		{10D40472-8F49-4064-9660-2A58D3D78494} = {9D526F38-4ED0-4B0A-B5A2-38F228B3C888}
		{BAEACFDB-99B4-4899-9EC3-7855C67E200D} = {9D526F38-4ED0-4B0A-B5A2-38F228B3C888}
		{D63053B7-412A-4359-A9B5-74D79301D87A} = {9D526F38-4ED0-4B0A-B5A2-38F228B3C888}
		{2C2AE6CE-12A6-478A-B8C7-75059B56E9A6} = {9D526F38-4ED0-4B0A-B5A2-38F228B3C888}
		{23987D1A-CB25-427D-8EBF-75F528C39D30} = {98D9C6EC-CF54-4DA6-9340-959B2265F634}
		{DA5848AF-2E0D-4F91-9C2A-620A86BF1011} = {23987D1A-CB25-427D-8EBF-75F528C39D30}
		{7901D638-2051-45F1-8EB3-AF02F0590875} = {23987D1A-CB25-427D-8EBF-75F528C39D30}
		{4B1B534C-2310-4ADE-B7E5-E257F9072A6F} = {23987D1A-CB25-427D-8EBF-75F528C39D30}
		{7672E6D5-DBD1-4D0F-9603-D25CD9AC5F13} = {23987D1A-CB25-427D-8EBF-75F528C39D30}
		{CFBD41A5-3133-4EB0-9387-2687C3562B42} = {98D9C6EC-CF54-4DA6-9340-959B2265F634}
		{50F692ED-804C-4B85-9BAB-361F53F97F0D} = {CFBD41A5-3133-4EB0-9387-2687C3562B42}
		{1AF5FE62-2D80-4290-8038-4427A962B5F8} = {CFBD41A5-3133-4EB0-9387-2687C3562B42}
		{823ADFCD-25EF-403B-AB31-C4BC7D1E09FA} = {CFBD41A5-3133-4EB0-9387-2687C3562B42}
		{811B6749-F11E-44BC-AE59-938C61BDD36A} = {CFBD41A5-3133-4EB0-9387-2687C3562B42}
		{1BDA3685-0E53-402E-AEF5-A38CD51FAF9E} = {98D9C6EC-CF54-4DA6-9340-959B2265F634}
		{7E78EAA2-7158-48E6-9A55-D833C3422A64} = {1BDA3685-0E53-402E-AEF5-A38CD51FAF9E}
		{F1DAC393-5514-40D7-80C6-9270146018E9} = {1BDA3685-0E53-402E-AEF5-A38CD51FAF9E}
		{ACA21DCE-D9F1-4B54-955C-C5436F4ACD6C} = {1BDA3685-0E53-402E-AEF5-A38CD51FAF9E}
		{7ADC066E-4036-40B3-AB60-70987A167D9E} = {1BDA3685-0E53-402E-AEF5-A38CD51FAF9E}
		{98D9C6EC-CF54-4DA6-9340-959B2265F634} = {0C97C75D-0536-46A1-ADA3-DB93145BD2C1}
		{C5B89F9E-DE03-4B98-B829-481728CD7F16} = {0C97C75D-0536-46A1-ADA3-DB93145BD2C1}
		{7A7B60AD-B060-452A-B628-6F68B4681EFB} = {C5B89F9E-DE03-4B98-B829-481728CD7F16}
		{25FB8B30-F22E-4D96-A913-DA0332257759} = {7A7B60AD-B060-452A-B628-6F68B4681EFB}
		{91ED903B-EE3A-4EA6-BF2F-A28EF1C42FF6} = {7A7B60AD-B060-452A-B628-6F68B4681EFB}
		{8CCDBE7E-270C-414F-94E6-B7324640EFBE} = {7A7B60AD-B060-452A-B628-6F68B4681EFB}
		{B6DD444E-ED6A-49BD-8C31-69057A182D41} = {7A7B60AD-B060-452A-B628-6F68B4681EFB}
		{C97DAA80-6F5C-4A54-88ED-3957AB837E75} = {2952218F-47AC-4241-A8F1-50E4BB003E08}
		{5B1D0AC8-7487-4CEF-B1EB-A77AC51EBF66} = {2952218F-47AC-4241-A8F1-50E4BB003E08}
		{5E7DB15B-0018-40CB-B869-BBCD0CC47B64} = {2952218F-47AC-4241-A8F1-50E4BB003E08}
		{3D0C4969-481F-45A8-BD63-4EAEBB90F790} = {2952218F-47AC-4241-A8F1-50E4BB003E08}
		{D7928D38-3B2E-40E4-AC3D-31A40054C3E7} = {2952218F-47AC-4241-A8F1-50E4BB003E08}
		{B322AF10-6F9B-460E-A33A-A23776B3ABCA} = {2952218F-47AC-4241-A8F1-50E4BB003E08}
		{F788AD7B-52E0-4929-908C-6B304D9800E7} = {09F01B32-9FA2-489E-B5A9-D9A62FF2AC66}
		{BF1505C2-DFCE-4D18-8276-22FD7A3C79BB} = {09F01B32-9FA2-489E-B5A9-D9A62FF2AC66}
		{7EC36F2C-15AF-42E1-9A65-5BB212E91A25} = {09F01B32-9FA2-489E-B5A9-D9A62FF2AC66}
		{85F4C25E-EF1D-4B9E-9105-A73D2112D872} = {09F01B32-9FA2-489E-B5A9-D9A62FF2AC66}
		{390CA565-74D3-482B-AF89-A7DF05FBACB1} = {09F01B32-9FA2-489E-B5A9-D9A62FF2AC66}
		{CE43D598-5893-4E1F-B34A-C07984991CB1} = {284FA0BC-C454-40CE-B006-F16D1C7E4900}
		{E8DE1C32-62BC-4EFD-9A01-6C3CB2E03B1B} = {284FA0BC-C454-40CE-B006-F16D1C7E4900}
		{BD1A9482-589A-4576-AB3C-B49EBB3AC28B} = {284FA0BC-C454-40CE-B006-F16D1C7E4900}
		{F744CD85-C748-4790-BCDA-F641FA71E5B2} = {284FA0BC-C454-40CE-B006-F16D1C7E4900}
	EndGlobalSection
	GlobalSection(ExtensibilityGlobals) = postSolution
		SolutionGuid = {5592FBEE-7111-4284-A2FA-43ED1D955609}
	EndGlobalSection
EndGlobal
